# This file is autogenerated, do not edit; changes may be undone by the next 'dep ensure'.


[[projects]]
  name = "github.com/Unknwon/com"
  packages = ["."]
  revision = "28b053d5a2923b87ce8c5a08f3af779894a72758"
  version = "v1"

[[projects]]
  branch = "master"
  name = "github.com/Unknwon/i18n"
  packages = ["."]
  revision = "8372b908b5876d26cfa46a85fc4851b981dad102"

[[projects]]
  branch = "master"
  name = "github.com/Unknwon/paginater"
  packages = ["."]
  revision = "45e5d631308ea359946e761484147982c978d0df"

[[projects]]
  name = "github.com/certifi/gocertifi"
  packages = ["."]
  revision = "a9c833d2837d3b16888d55d5aafa9ffe9afb22b0"
  version = "2017.04.17"

[[projects]]
  branch = "master"
  name = "github.com/denisenkom/go-mssqldb"
  packages = ["."]
  revision = "f77039e4e9bc788cb0406a666f410abee0ca1580"

[[projects]]
  name = "github.com/fatih/color"
  packages = ["."]
  revision = "570b54cabe6b8eb0bc2dfce68d964677d63b5260"
  version = "v1.5.0"

[[projects]]
  branch = "master"
  name = "github.com/getsentry/raven-go"
  packages = ["."]
  revision = "4fa2ac0d29f801e79a063c0da82d37b5ff2873b2"

[[projects]]
  branch = "master"
  name = "github.com/go-macaron/binding"
  packages = ["."]
  revision = "1513c901915731e941815f60ede6a9c21c69a550"

[[projects]]
  branch = "master"
  name = "github.com/go-macaron/cache"
  packages = ["."]
  revision = "56173531277692bc2925924d51fda1cd0a6b8178"

[[projects]]
  branch = "master"
  name = "github.com/go-macaron/csrf"
  packages = ["."]
  revision = "428b7c62d7d0034b048b1cd43ba60d87857f5253"

[[projects]]
  branch = "master"
  name = "github.com/go-macaron/i18n"
  packages = ["."]
  revision = "ef57533c3b0fc2d8581deda14937e52f11a203ab"

[[projects]]
  branch = "master"
  name = "github.com/go-macaron/inject"
  packages = ["."]
  revision = "d8a0b8677191f4380287cfebd08e462217bac7ad"

[[projects]]
  branch = "master"
  name = "github.com/go-macaron/session"
  packages = ["."]
  revision = "b8e286a0dba8f4999042d6b258daf51b31d08938"

[[projects]]
  branch = "master"
  name = "github.com/go-macaron/toolbox"
  packages = ["."]
  revision = "6766b8f16d1b135b250f09ba4dc4e24ab65b1107"

[[projects]]
  name = "github.com/go-sql-driver/mysql"
  packages = ["."]
  revision = "a0583e0143b1624142adab07e0e97fe106d99561"
  version = "v1.3"

[[projects]]
  branch = "master"
  name = "github.com/go-xorm/builder"
  packages = ["."]
  revision = "c8871c857d2555fbfbd8524f895be5386d3d8836"

[[projects]]
  name = "github.com/go-xorm/core"
  packages = ["."]
  revision = "5bf745d7d163f4380e6c2bba8c4afa60534dd087"
  version = "v0.5.6"

[[projects]]
  name = "github.com/go-xorm/xorm"
  packages = ["."]
  revision = "3c8314e91603f0bfa6a228c1a0fea8a9e298f6d9"
  version = "v0.6.2"

[[projects]]
  name = "github.com/gogits/cron"
  packages = ["."]
  revision = "b024fc5ea0e34bc3f83d9941c8d60b0622bfaca4"
  version = "v1"

[[projects]]
  branch = "master"
  name = "github.com/gopherjs/gopherjs"
  packages = ["js"]
  revision = "7cde3d36aea3e1b3be7827c4dcbe6bbae73d012e"

[[projects]]
  branch = "master"
  name = "github.com/jaytaylor/html2text"
  packages = ["."]
  revision = "7c7a33a7a158a5ce395c803d2b6a209b2bbc14c8"

[[projects]]
  name = "github.com/jtolds/gls"
  packages = ["."]
  revision = "8ddce2a84170772b95dd5d576c48d517b22cac63"
  version = "v4.2.0"

[[projects]]
  branch = "master"
  name = "github.com/lib/pq"
  packages = [".","oid"]
  revision = "91f10e40ba0dd2d0bf9f93ec1d4077711a78df88"

[[projects]]
  name = "github.com/mattn/go-colorable"
  packages = ["."]
  revision = "d228849504861217f796da67fae4f6e347643f15"
  version = "v0.0.7"

[[projects]]
  name = "github.com/mattn/go-isatty"
  packages = ["."]
  revision = "fc9e8d8ef48496124e79ae0df75490096eccf6fe"
  version = "v0.0.2"

[[projects]]
  name = "github.com/mattn/go-runewidth"
  packages = ["."]
  revision = "9e777a8366cce605130a531d2cd6363d07ad7317"
  version = "v0.0.2"

[[projects]]
  name = "github.com/mattn/go-sqlite3"
  packages = ["."]
  revision = "ca5e3819723d8eeaf170ad510e7da1d6d2e94a08"
  version = "v1.2.0"

[[projects]]
  branch = "master"
  name = "github.com/microcosm-cc/bluemonday"
  packages = ["."]
  revision = "e79763773ab6222ca1d5a7cbd9d62d83c1f77081"

[[projects]]
  branch = "master"
  name = "github.com/olekukonko/tablewriter"
  packages = ["."]
  revision = "febf2d34b54a69ce7530036c7503b1c9fbfdf0bb"

[[projects]]
  branch = "master"
  name = "github.com/rakyll/magicmime"
  packages = ["."]
  revision = "9b99294d6b2216897632b9734769d8ce4568681e"

[[projects]]
  name = "github.com/russross/blackfriday"
  packages = ["."]
  revision = "0b647d0506a698cca42caca173e55559b12a69f2"
  version = "v1.4"

[[projects]]
  branch = "master"
  name = "github.com/shurcooL/sanitized_anchor_name"
  packages = ["."]
  revision = "541ff5ee47f1dddf6a5281af78307d921524bcb5"

[[projects]]
  name = "github.com/smartystreets/assertions"
  packages = [".","internal/go-render/render","internal/oglematchers"]
  revision = "e9a2f6771d97c709b2f7609fdf89ebde8b64c926"
  version = "1.6.0"

[[projects]]
  name = "github.com/smartystreets/goconvey"
  packages = ["convey","convey/gotest","convey/reporting"]
  revision = "d4c757aa9afd1e2fc1832aaab209b5794eb336e1"
  version = "1.6.2"

[[projects]]
  branch = "master"
  name = "github.com/ssor/bom"
  packages = ["."]
  revision = "6ed919a936d5ab554e4b40bc51f7c522488122c6"

[[projects]]
  name = "github.com/urfave/cli"
  packages = ["."]
  revision = "0bdeddeeb0f650497d603c4ad7b20cfe685682f6"
  version = "v1.19.1"

[[projects]]
  branch = "master"
  name = "golang.org/x/crypto"
  packages = ["md4","pbkdf2"]
  revision = "080743b21912ae11ad9222778a048b795a5aae00"

[[projects]]
  branch = "master"
  name = "golang.org/x/net"
  packages = ["context","html","html/atom"]
  revision = "3da985ce5951d99de868be4385f21ea6c2b22f24"

[[projects]]
  branch = "master"
  name = "golang.org/x/sys"
  packages = ["unix"]
  revision = "b90f89a1e7a9c1f6b918820b3daa7f08488c8594"

[[projects]]
  branch = "master"
  name = "golang.org/x/text"
  packages = ["internal/gen","internal/tag","language","unicode/cldr"]
  revision = "4ee4af566555f5fbe026368b75596286a312663a"

[[projects]]
  branch = "v3"
  name = "gopkg.in/alexcesaro/quotedprintable.v3"
  packages = ["."]
  revision = "2caba252f4dc53eaf6b553000885530023f54623"

[[projects]]
  name = "gopkg.in/clog.v1"
  packages = ["."]
  revision = "8492a6faa632c31ba82f562b53b4a6e5eacf2732"
  version = "v1.1.1"

[[projects]]
  name = "gopkg.in/gomail.v2"
  packages = ["."]
  revision = "41f3572897373c5538c50a2402db15db079fa4fd"
  version = "2.0.0"

[[projects]]
  name = "gopkg.in/ini.v1"
  packages = ["."]
  revision = "36da989cdc560b989d8f195aec46214d33665d20"
  version = "v1.27.2"

[[projects]]
  branch = "v25"
  name = "gopkg.in/libgit2/git2go.v25"
  packages = ["."]
  revision = "334260d743d713a55ff3c097ec6707f2bb39e9d5"

[[projects]]
  name = "gopkg.in/macaron.v1"
  packages = ["."]
  revision = "a325110f8b392bce3e5cdeb8c44bf98078ada3be"
  version = "v1.2.1"

[solve-meta]
  analyzer-name = "dep"
  analyzer-version = 1
  inputs-digest = "de697f42c7d7b93dece98ac5fdbf9aa8edb35abc30aeda4e2c1a769bcc2908ce"
  solver-name = "gps-cdcl"
  solver-version = 1
